
Microsoft Visual Studio Solution File, Format Version 12.00
# Visual Studio 15
VisualStudioVersion = 15.0.28307.572
MinimumVisualStudioVersion = 10.0.40219.1
Project("{FAE04EC0-301F-11D3-BF4B-00C04F79EFBC}") = "garakhTest", "garakhTest\garakhTest.csproj", "{AB6EE1C1-770A-40DF-84F2-D1F29699B5CE}"
EndProject
Global
	GlobalSection(SolutionConfigurationPlatforms) = preSolution
		Debug|Any CPU = Debug|Any CPU
		Release|Any CPU = Release|Any CPU
	EndGlobalSection
	GlobalSection(ProjectConfigurationPlatforms) = postSolution
		{AB6EE1C1-770A-40DF-84F2-D1F29699B5CE}.Debug|Any CPU.ActiveCfg = Debug|Any CPU
		{AB6EE1C1-770A-40DF-84F2-D1F29699B5CE}.Debug|Any CPU.Build.0 = Debug|Any CPU
		{AB6EE1C1-770A-40DF-84F2-D1F29699B5CE}.Release|Any CPU.ActiveCfg = Release|Any CPU
		{AB6EE1C1-770A-40DF-84F2-D1F29699B5CE}.Release|Any CPU.Build.0 = Release|Any CPU
	EndGlobalSection
	GlobalSection(SolutionProperties) = preSolution
		HideSolutionNode = FALSE
	EndGlobalSection
	GlobalSection(ExtensibilityGlobals) = postSolution
		SolutionGuid = {EDE0EFAB-2256-49EA-9172-A9DFBA88EAEC}
	EndGlobalSection
EndGlobal
